
Microsoft Visual Studio Solution File, Format Version 12.00
# Visual Studio Version 16
VisualStudioVersion = 16.0.30225.117
MinimumVisualStudioVersion = 10.0.40219.1
Project("{888888A0-9F3D-457C-B088-3A5042F75D52}") = "Eastbourne", "Eastbourne.pyproj", "{5EDD51EE-8602-4751-A25A-55D842AC6A09}"
EndProject
Global
	GlobalSection(SolutionConfigurationPlatforms) = preSolution
		Debug|Any CPU = Debug|Any CPU
		Release|Any CPU = Release|Any CPU
	EndGlobalSection
	GlobalSection(ProjectConfigurationPlatforms) = postSolution
		{5EDD51EE-8602-4751-A25A-55D842AC6A09}.Debug|Any CPU.ActiveCfg = Debug|Any CPU
		{5EDD51EE-8602-4751-A25A-55D842AC6A09}.Release|Any CPU.ActiveCfg = Release|Any CPU
	EndGlobalSection
	GlobalSection(SolutionProperties) = preSolution
		HideSolutionNode = FALSE
	EndGlobalSection
	GlobalSection(ExtensibilityGlobals) = postSolution
		SolutionGuid = {72A07464-D7A7-41AE-99A0-8773D069172D}
	EndGlobalSection
EndGlobal
