{
  "name": "eastbournecottage",
  "version": "0.2.0",
  "lockfileVersion": 1,
  "requires": true,
  "dependencies": {
    "@glidejs/glide": {
      "version": "3.4.1",
      "resolved": "https://registry.npmjs.org/@glidejs/glide/-/glide-3.4.1.tgz",
      "integrity": "sha512-C34AEcK1HjSyxilRToUL54I6KAoodojUbeRlXoruobZuG0eGm8xfDL+3kgkWj7AJK4EZtunSOYfoqMp70eDtwg=="
    },
    "body-scroll-lock": {
      "version": "3.0.3",
      "resolved": "https://registry.npmjs.org/body-scroll-lock/-/body-scroll-lock-3.0.3.tgz",
      "integrity": "sha512-EUryImgD6Gv87HOjJB/yB2WIGECiZMhmcUK+DrqVRFDDa64xR+FsK0LgvLPnBxZDTxIl+W80/KJ8i6gp2IwOHQ=="
    },
    "dom7": {
      "version": "3.0.0-alpha.9",
      "resolved": "https://registry.npmjs.org/dom7/-/dom7-3.0.0-alpha.9.tgz",
      "integrity": "sha512-wTxPe1vJqLAy2PzAROh/n1PsRF/ZklAJyRIn9shm2dAQjP4JhjsgDKQ1YTbuzf1KVlqOlqYPmwupQExcB9jOUg==",
      "requires": {
        "ssr-window": "^3.0.0-alpha.1"
      }
    },
    "ssr-window": {
      "version": "3.0.0-alpha.4",
      "resolved": "https://registry.npmjs.org/ssr-window/-/ssr-window-3.0.0-alpha.4.tgz",
      "integrity": "sha512-+dBRP/pZ+VyITxTzD0lMDzDwN/BmfUl8xi2e6t5Nz4+FqUphfcBLB1OOUSYCRNFB25rD3c8AJRYpY5rHTbL+kg=="
    },
    "swiper": {
      "version": "6.2.0",
      "resolved": "https://registry.npmjs.org/swiper/-/swiper-6.2.0.tgz",
      "integrity": "sha512-lOQeWRAHXwWPDu6k5cJYkf/eVRq2IUiHpMSGS143PVBg91J+2ZCXwM+Uv2sUckrZn3AMGcpcpnEBqD8Rwz9XGQ==",
      "requires": {
        "dom7": "^3.0.0-alpha.7",
        "ssr-window": "^3.0.0-alpha.4"
      }
    }
  }
}
